
Microsoft Visual Studio Solution File, Format Version 12.00
# Visual Studio Version 17
VisualStudioVersion = 17.3.32825.248
MinimumVisualStudioVersion = 10.0.40219.1
Project("{2150E333-8FDC-42A3-9474-1A3956D46DE8}") = "Presentation", "Presentation", "{77DCF702-D264-4DFF-A6AD-A7491D8019E4}"
EndProject
Project("{2150E333-8FDC-42A3-9474-1A3956D46DE8}") = "Core", "Core", "{15F2BDED-86E6-45D1-8B55-4447527983B2}"
EndProject
Project("{2150E333-8FDC-42A3-9474-1A3956D46DE8}") = "Infrastructure", "Infrastructure", "{56678BD9-8165-4006-9991-A3A0B80FA750}"
EndProject
Project("{9A19103F-16F7-4668-BE54-9A1E7A4F7556}") = "ListaNegraSat.Core.Application", "src\ListaNegraSat.Core.Application\ListaNegraSat.Core.Application.csproj", "{42CA9E0A-F1CB-4738-AFAB-1CE1810E974B}"
EndProject
Project("{9A19103F-16F7-4668-BE54-9A1E7A4F7556}") = "ListaNegraSat.Infrastructure", "src\ListaNegraSat.Infrastructure\ListaNegraSat.Infrastructure.csproj", "{A33013BA-77D5-4093-9FCC-2248221EB911}"
EndProject
Project("{9A19103F-16F7-4668-BE54-9A1E7A4F7556}") = "ListaNegraSat.Presentation.WpfApp", "src\ListaNegraSat.Presentation.WpfApp\ListaNegraSat.Presentation.WpfApp.csproj", "{8E770BED-F1EE-4CDF-8A17-493E49F8003B}"
EndProject
Global
	GlobalSection(SolutionConfigurationPlatforms) = preSolution
		Debug|Any CPU = Debug|Any CPU
		Release|Any CPU = Release|Any CPU
	EndGlobalSection
	GlobalSection(ProjectConfigurationPlatforms) = postSolution
		{42CA9E0A-F1CB-4738-AFAB-1CE1810E974B}.Debug|Any CPU.ActiveCfg = Debug|Any CPU
		{42CA9E0A-F1CB-4738-AFAB-1CE1810E974B}.Debug|Any CPU.Build.0 = Debug|Any CPU
		{42CA9E0A-F1CB-4738-AFAB-1CE1810E974B}.Release|Any CPU.ActiveCfg = Release|Any CPU
		{42CA9E0A-F1CB-4738-AFAB-1CE1810E974B}.Release|Any CPU.Build.0 = Release|Any CPU
		{A33013BA-77D5-4093-9FCC-2248221EB911}.Debug|Any CPU.ActiveCfg = Debug|Any CPU
		{A33013BA-77D5-4093-9FCC-2248221EB911}.Debug|Any CPU.Build.0 = Debug|Any CPU
		{A33013BA-77D5-4093-9FCC-2248221EB911}.Release|Any CPU.ActiveCfg = Release|Any CPU
		{A33013BA-77D5-4093-9FCC-2248221EB911}.Release|Any CPU.Build.0 = Release|Any CPU
		{8E770BED-F1EE-4CDF-8A17-493E49F8003B}.Debug|Any CPU.ActiveCfg = Debug|Any CPU
		{8E770BED-F1EE-4CDF-8A17-493E49F8003B}.Debug|Any CPU.Build.0 = Debug|Any CPU
		{8E770BED-F1EE-4CDF-8A17-493E49F8003B}.Release|Any CPU.ActiveCfg = Release|Any CPU
		{8E770BED-F1EE-4CDF-8A17-493E49F8003B}.Release|Any CPU.Build.0 = Release|Any CPU
	EndGlobalSection
	GlobalSection(SolutionProperties) = preSolution
		HideSolutionNode = FALSE
	EndGlobalSection
	GlobalSection(NestedProjects) = preSolution
		{42CA9E0A-F1CB-4738-AFAB-1CE1810E974B} = {15F2BDED-86E6-45D1-8B55-4447527983B2}
		{A33013BA-77D5-4093-9FCC-2248221EB911} = {56678BD9-8165-4006-9991-A3A0B80FA750}
		{8E770BED-F1EE-4CDF-8A17-493E49F8003B} = {77DCF702-D264-4DFF-A6AD-A7491D8019E4}
	EndGlobalSection
	GlobalSection(ExtensibilityGlobals) = postSolution
		SolutionGuid = {73E6ACE7-CF2E-4E90-9C12-DF72B839B93E}
	EndGlobalSection
EndGlobal
