
Microsoft Visual Studio Solution File, Format Version 12.00
# Visual Studio Version 17
VisualStudioVersion = 17.3.32825.248
MinimumVisualStudioVersion = 10.0.40219.1
Project("{2150E333-8FDC-42A3-9474-1A3956D46DE8}") = "Presentation", "Presentation", "{77DCF702-D264-4DFF-A6AD-A7491D8019E4}"
EndProject
Project("{2150E333-8FDC-42A3-9474-1A3956D46DE8}") = "Core", "Core", "{15F2BDED-86E6-45D1-8B55-4447527983B2}"
EndProject
Project("{2150E333-8FDC-42A3-9474-1A3956D46DE8}") = "Infrastructure", "Infrastructure", "{56678BD9-8165-4006-9991-A3A0B80FA750}"
EndProject
Project("{9A19103F-16F7-4668-BE54-9A1E7A4F7556}") = "ListaNegraSat.Core.Application", "ListaNegraSat.Core.Application\ListaNegraSat.Core.Application.csproj", "{ECF89A7D-F111-4654-B009-B4B8C635BB40}"
EndProject
Project("{9A19103F-16F7-4668-BE54-9A1E7A4F7556}") = "ListaNegraSat.Presentation.WpfApp", "ListaNegraSat.Presentation.WpfApp\ListaNegraSat.Presentation.WpfApp.csproj", "{99D6B22B-6C70-401E-90E0-799D7DD9A987}"
EndProject
Project("{FAE04EC0-301F-11D3-BF4B-00C04F79EFBC}") = "Contpaqi.ListaNegraSat.Infrastructure", "Contpaqi.ListaNegraSat.Infrastructure\Contpaqi.ListaNegraSat.Infrastructure.csproj", "{EA6AE2E0-047A-48CF-8A08-2E95B35F126D}"
EndProject
Global
	GlobalSection(SolutionConfigurationPlatforms) = preSolution
		Debug|Any CPU = Debug|Any CPU
		Release|Any CPU = Release|Any CPU
	EndGlobalSection
	GlobalSection(ProjectConfigurationPlatforms) = postSolution
		{ECF89A7D-F111-4654-B009-B4B8C635BB40}.Debug|Any CPU.ActiveCfg = Debug|Any CPU
		{ECF89A7D-F111-4654-B009-B4B8C635BB40}.Debug|Any CPU.Build.0 = Debug|Any CPU
		{ECF89A7D-F111-4654-B009-B4B8C635BB40}.Release|Any CPU.ActiveCfg = Release|Any CPU
		{ECF89A7D-F111-4654-B009-B4B8C635BB40}.Release|Any CPU.Build.0 = Release|Any CPU
		{99D6B22B-6C70-401E-90E0-799D7DD9A987}.Debug|Any CPU.ActiveCfg = Debug|Any CPU
		{99D6B22B-6C70-401E-90E0-799D7DD9A987}.Debug|Any CPU.Build.0 = Debug|Any CPU
		{99D6B22B-6C70-401E-90E0-799D7DD9A987}.Release|Any CPU.ActiveCfg = Release|Any CPU
		{99D6B22B-6C70-401E-90E0-799D7DD9A987}.Release|Any CPU.Build.0 = Release|Any CPU
		{EA6AE2E0-047A-48CF-8A08-2E95B35F126D}.Debug|Any CPU.ActiveCfg = Debug|Any CPU
		{EA6AE2E0-047A-48CF-8A08-2E95B35F126D}.Debug|Any CPU.Build.0 = Debug|Any CPU
		{EA6AE2E0-047A-48CF-8A08-2E95B35F126D}.Release|Any CPU.ActiveCfg = Release|Any CPU
		{EA6AE2E0-047A-48CF-8A08-2E95B35F126D}.Release|Any CPU.Build.0 = Release|Any CPU
	EndGlobalSection
	GlobalSection(SolutionProperties) = preSolution
		HideSolutionNode = FALSE
	EndGlobalSection
	GlobalSection(NestedProjects) = preSolution
		{ECF89A7D-F111-4654-B009-B4B8C635BB40} = {15F2BDED-86E6-45D1-8B55-4447527983B2}
		{99D6B22B-6C70-401E-90E0-799D7DD9A987} = {77DCF702-D264-4DFF-A6AD-A7491D8019E4}
		{EA6AE2E0-047A-48CF-8A08-2E95B35F126D} = {56678BD9-8165-4006-9991-A3A0B80FA750}
	EndGlobalSection
	GlobalSection(ExtensibilityGlobals) = postSolution
		SolutionGuid = {73E6ACE7-CF2E-4E90-9C12-DF72B839B93E}
	EndGlobalSection
EndGlobal
